
Microsoft Visual Studio Solution File, Format Version 12.00
# Visual Studio Version 17
VisualStudioVersion = 17.14.36301.6 d17.14
MinimumVisualStudioVersion = 10.0.40219.1
Project("{FAE04EC0-301F-11D3-BF4B-00C04F79EFBC}") = "ISO 810- 8B programa B", "ISO 810- 8B programa B\ISO 810- 8B programa B.csproj", "{EAEF002F-36CF-4417-B608-7D265C731EB3}"
EndProject
Global
	GlobalSection(SolutionConfigurationPlatforms) = preSolution
		Debug|Any CPU = Debug|Any CPU
		Release|Any CPU = Release|Any CPU
	EndGlobalSection
	GlobalSection(ProjectConfigurationPlatforms) = postSolution
		{EAEF002F-36CF-4417-B608-7D265C731EB3}.Debug|Any CPU.ActiveCfg = Debug|Any CPU
		{EAEF002F-36CF-4417-B608-7D265C731EB3}.Debug|Any CPU.Build.0 = Debug|Any CPU
		{EAEF002F-36CF-4417-B608-7D265C731EB3}.Release|Any CPU.ActiveCfg = Release|Any CPU
		{EAEF002F-36CF-4417-B608-7D265C731EB3}.Release|Any CPU.Build.0 = Release|Any CPU
	EndGlobalSection
	GlobalSection(SolutionProperties) = preSolution
		HideSolutionNode = FALSE
	EndGlobalSection
	GlobalSection(ExtensibilityGlobals) = postSolution
		SolutionGuid = {6DC95B90-3BC8-4ABB-BC1F-1875FA7677E2}
	EndGlobalSection
EndGlobal
